{
  "requires": true,
  "lockfileVersion": 1,
  "dependencies": {
    "angular": {
      "version": "1.7.5",
      "resolved": "https://registry.npmjs.org/angular/-/angular-1.7.5.tgz",
      "integrity": "sha512-760183yxtGzni740IBTieNuWLtPNAoMqvmC0Z62UoU0I3nqk+VJuO3JbQAXOyvo3Oy/ZsdNQwrSTh/B0OQZjNw=="
    },
    "angular-sanitize": {
      "version": "1.7.5",
      "resolved": "https://registry.npmjs.org/angular-sanitize/-/angular-sanitize-1.7.5.tgz",
      "integrity": "sha512-wjKCJOIwrkEvfD0keTnKGi6We13gtoCAQIHcdoqyoo3gwvcgNfYymVQIS3+iCGVcjfWz0jHuS3KgB4ysRWsTTA=="
    },
    "bootstrap": {
      "version": "3.1.1",
      "resolved": "https://registry.npmjs.org/bootstrap/-/bootstrap-3.1.1.tgz",
      "integrity": "sha1-F+FO0mHA/Nm1LqmqZCD21RzV+nc="
    },
    "ui-select": {
      "version": "0.19.8",
      "resolved": "https://registry.npmjs.org/ui-select/-/ui-select-0.19.8.tgz",
      "integrity": "sha1-dIYISKf9i8SU2YVtL2J3bqmGN8E="
    }
  }
}
